
Microsoft Visual Studio Solution File, Format Version 12.00
# Visual Studio 15
VisualStudioVersion = 15.0.28010.2026
MinimumVisualStudioVersion = 10.0.40219.1
Project("{FAE04EC0-301F-11D3-BF4B-00C04F79EFBC}") = "Cotizaciones", "Cotizaciones\Cotizaciones.csproj", "{B7EDB5D4-6F41-465D-867C-9517C5151DCA}"
EndProject
Project("{FAE04EC0-301F-11D3-BF4B-00C04F79EFBC}") = "BLL", "BLL\BLL.csproj", "{9F80CC7D-7415-451B-8833-D498A01D601B}"
EndProject
Project("{FAE04EC0-301F-11D3-BF4B-00C04F79EFBC}") = "DAL", "DAL\DAL.csproj", "{4A8713A9-1D54-4527-BFCF-C7B591FA2EC8}"
EndProject
Project("{FAE04EC0-301F-11D3-BF4B-00C04F79EFBC}") = "Entidades", "Entidades\Entidades.csproj", "{C1601049-7295-4773-8E11-8FD0741A010F}"
EndProject
Project("{FAE04EC0-301F-11D3-BF4B-00C04F79EFBC}") = "CotizacionesTests", "EntidadesTests\CotizacionesTests.csproj", "{81B55581-6FEB-4588-9508-3502EBEB7A4B}"
EndProject
Global
	GlobalSection(SolutionConfigurationPlatforms) = preSolution
		Debug|Any CPU = Debug|Any CPU
		Release|Any CPU = Release|Any CPU
	EndGlobalSection
	GlobalSection(ProjectConfigurationPlatforms) = postSolution
		{B7EDB5D4-6F41-465D-867C-9517C5151DCA}.Debug|Any CPU.ActiveCfg = Debug|Any CPU
		{B7EDB5D4-6F41-465D-867C-9517C5151DCA}.Debug|Any CPU.Build.0 = Debug|Any CPU
		{B7EDB5D4-6F41-465D-867C-9517C5151DCA}.Release|Any CPU.ActiveCfg = Release|Any CPU
		{B7EDB5D4-6F41-465D-867C-9517C5151DCA}.Release|Any CPU.Build.0 = Release|Any CPU
		{9F80CC7D-7415-451B-8833-D498A01D601B}.Debug|Any CPU.ActiveCfg = Debug|Any CPU
		{9F80CC7D-7415-451B-8833-D498A01D601B}.Debug|Any CPU.Build.0 = Debug|Any CPU
		{9F80CC7D-7415-451B-8833-D498A01D601B}.Release|Any CPU.ActiveCfg = Release|Any CPU
		{9F80CC7D-7415-451B-8833-D498A01D601B}.Release|Any CPU.Build.0 = Release|Any CPU
		{4A8713A9-1D54-4527-BFCF-C7B591FA2EC8}.Debug|Any CPU.ActiveCfg = Debug|Any CPU
		{4A8713A9-1D54-4527-BFCF-C7B591FA2EC8}.Debug|Any CPU.Build.0 = Debug|Any CPU
		{4A8713A9-1D54-4527-BFCF-C7B591FA2EC8}.Release|Any CPU.ActiveCfg = Release|Any CPU
		{4A8713A9-1D54-4527-BFCF-C7B591FA2EC8}.Release|Any CPU.Build.0 = Release|Any CPU
		{C1601049-7295-4773-8E11-8FD0741A010F}.Debug|Any CPU.ActiveCfg = Debug|Any CPU
		{C1601049-7295-4773-8E11-8FD0741A010F}.Debug|Any CPU.Build.0 = Debug|Any CPU
		{C1601049-7295-4773-8E11-8FD0741A010F}.Release|Any CPU.ActiveCfg = Release|Any CPU
		{C1601049-7295-4773-8E11-8FD0741A010F}.Release|Any CPU.Build.0 = Release|Any CPU
		{81B55581-6FEB-4588-9508-3502EBEB7A4B}.Debug|Any CPU.ActiveCfg = Debug|Any CPU
		{81B55581-6FEB-4588-9508-3502EBEB7A4B}.Debug|Any CPU.Build.0 = Debug|Any CPU
		{81B55581-6FEB-4588-9508-3502EBEB7A4B}.Release|Any CPU.ActiveCfg = Release|Any CPU
		{81B55581-6FEB-4588-9508-3502EBEB7A4B}.Release|Any CPU.Build.0 = Release|Any CPU
	EndGlobalSection
	GlobalSection(SolutionProperties) = preSolution
		HideSolutionNode = FALSE
	EndGlobalSection
	GlobalSection(ExtensibilityGlobals) = postSolution
		SolutionGuid = {927DCA98-6EF7-480F-82E3-90BAEFC6310B}
	EndGlobalSection
EndGlobal
